
Microsoft Visual Studio Solution File, Format Version 12.00
# Visual Studio 14
VisualStudioVersion = 14.0.25420.1
MinimumVisualStudioVersion = 10.0.40219.1
Project("{FAE04EC0-301F-11D3-BF4B-00C04F79EFBC}") = "Serializer", "..\Serializer\Serializer.csproj", "{F8479425-604C-49B2-90C3-6AF1E3B7D3C5}"
EndProject
Project("{FAE04EC0-301F-11D3-BF4B-00C04F79EFBC}") = "SerializerTest", "SerializerTest\SerializerTest.csproj", "{928B4A69-F20B-444C-B2B3-7B013DDD51D5}"
EndProject
Global
	GlobalSection(SolutionConfigurationPlatforms) = preSolution
		Debug|Any CPU = Debug|Any CPU
		Release|Any CPU = Release|Any CPU
	EndGlobalSection
	GlobalSection(ProjectConfigurationPlatforms) = postSolution
		{F8479425-604C-49B2-90C3-6AF1E3B7D3C5}.Debug|Any CPU.ActiveCfg = Debug|Any CPU
		{F8479425-604C-49B2-90C3-6AF1E3B7D3C5}.Debug|Any CPU.Build.0 = Debug|Any CPU
		{F8479425-604C-49B2-90C3-6AF1E3B7D3C5}.Release|Any CPU.ActiveCfg = Release|Any CPU
		{F8479425-604C-49B2-90C3-6AF1E3B7D3C5}.Release|Any CPU.Build.0 = Release|Any CPU
		{928B4A69-F20B-444C-B2B3-7B013DDD51D5}.Debug|Any CPU.ActiveCfg = Debug|Any CPU
		{928B4A69-F20B-444C-B2B3-7B013DDD51D5}.Debug|Any CPU.Build.0 = Debug|Any CPU
		{928B4A69-F20B-444C-B2B3-7B013DDD51D5}.Release|Any CPU.ActiveCfg = Release|Any CPU
		{928B4A69-F20B-444C-B2B3-7B013DDD51D5}.Release|Any CPU.Build.0 = Release|Any CPU
	EndGlobalSection
	GlobalSection(SolutionProperties) = preSolution
		HideSolutionNode = FALSE
	EndGlobalSection
EndGlobal
